// !$*UTF8*$!
{
	archiveVersion = 1;
	classes = {
	};
	objectVersion = 50;
	objects = {

/* Begin PBXBuildFile section */
		3C589E8120CBBCDA00171BD5 /* AppDelegate.m in Sources */ = {isa = PBXBuildFile; fileRef = 3C589E8020CBBCDA00171BD5 /* AppDelegate.m */; };
		3C589E8420CBBCDA00171BD5 /* ViewController.m in Sources */ = {isa = PBXBuildFile; fileRef = 3C589E8320CBBCDA00171BD5 /* ViewController.m */; };
		3C589E8720CBBCDA00171BD5 /* Main.storyboard in Resources */ = {isa = PBXBuildFile; fileRef = 3C589E8520CBBCDA00171BD5 /* Main.storyboard */; };
		3C589E8920CBBCDB00171BD5 /* Assets.xcassets in Resources */ = {isa = PBXBuildFile; fileRef = 3C589E8820CBBCDB00171BD5 /* Assets.xcassets */; };
		3C589E8C20CBBCDB00171BD5 /* LaunchScreen.storyboard in Resources */ = {isa = PBXBuildFile; fileRef = 3C589E8A20CBBCDB00171BD5 /* LaunchScreen.storyboard */; };
		3C589E8F20CBBCDB00171BD5 /* main.m in Sources */ = {isa = PBXBuildFile; fileRef = 3C589E8E20CBBCDB00171BD5 /* main.m */; };
		3C589E9920CBBCDC00171BD5 /* lllladjflajfljfjTests.m in Sources */ = {isa = PBXBuildFile; fileRef = 3C589E9820CBBCDC00171BD5 /* lllladjflajfljfjTests.m */; };
		3C589EA420CBBCDC00171BD5 /* lllladjflajfljfjUITests.m in Sources */ = {isa = PBXBuildFile; fileRef = 3C589EA320CBBCDC00171BD5 /* lllladjflajfljfjUITests.m */; };
/* End PBXBuildFile section */

/* Begin PBXContainerItemProxy section */
		3C589E9520CBBCDC00171BD5 /* PBXContainerItemProxy */ = {
			isa = PBXContainerItemProxy;
			containerPortal = 3C589E7420CBBCD900171BD5 /* Project object */;
			proxyType = 1;
			remoteGlobalIDString = 3C589E7B20CBBCD900171BD5;
			remoteInfo = lllladjflajfljfj;
		};
		3C589EA020CBBCDC00171BD5 /* PBXContainerItemProxy */ = {
			isa = PBXContainerItemProxy;
			containerPortal = 3C589E7420CBBCD900171BD5 /* Project object */;
			proxyType = 1;
			remoteGlobalIDString = 3C589E7B20CBBCD900171BD5;
			remoteInfo = lllladjflajfljfj;
		};
/* End PBXContainerItemProxy section */

/* Begin PBXFileReference section */
		3C589E7C20CBBCD900171BD5 /* lllladjflajfljfj.app */ = {isa = PBXFileReference; explicitFileType = wrapper.application; includeInIndex = 0; path = lllladjflajfljfj.app; sourceTree = BUILT_PRODUCTS_DIR; };
		3C589E7F20CBBCD900171BD5 /* AppDelegate.h */ = {isa = PBXFileReference; lastKnownFileType = sourcecode.c.h; path = AppDelegate.h; sourceTree = "<group>"; };
		3C589E8020CBBCDA00171BD5 /* AppDelegate.m */ = {isa = PBXFileReference; lastKnownFileType = sourcecode.c.objc; path = AppDelegate.m; sourceTree = "<group>"; };
		3C589E8220CBBCDA00171BD5 /* ViewController.h */ = {isa = PBXFileReference; lastKnownFileType = sourcecode.c.h; path = ViewController.h; sourceTree = "<group>"; };
		3C589E8320CBBCDA00171BD5 /* ViewController.m */ = {isa = PBXFileReference; lastKnownFileType = sourcecode.c.objc; path = ViewController.m; sourceTree = "<group>"; };
		3C589E8620CBBCDA00171BD5 /* Base */ = {isa = PBXFileReference; lastKnownFileType = file.storyboard; name = Base; path = Base.lproj/Main.storyboard; sourceTree = "<group>"; };
		3C589E8820CBBCDB00171BD5 /* Assets.xcassets */ = {isa = PBXFileReference; lastKnownFileType = folder.assetcatalog; path = Assets.xcassets; sourceTree = "<group>"; };
		3C589E8B20CBBCDB00171BD5 /* Base */ = {isa = PBXFileReference; lastKnownFileType = file.storyboard; name = Base; path = Base.lproj/LaunchScreen.storyboard; sourceTree = "<group>"; };
		3C589E8D20CBBCDB00171BD5 /* Info.plist */ = {isa = PBXFileReference; lastKnownFileType = text.plist.xml; path = Info.plist; sourceTree = "<group>"; };
		3C589E8E20CBBCDB00171BD5 /* main.m */ = {isa = PBXFileReference; lastKnownFileType = sourcecode.c.objc; path = main.m; sourceTree = "<group>"; };
		3C589E9420CBBCDC00171BD5 /* lllladjflajfljfjTests.xctest */ = {isa = PBXFileReference; explicitFileType = wrapper.cfbundle; includeInIndex = 0; path = lllladjflajfljfjTests.xctest; sourceTree = BUILT_PRODUCTS_DIR; };
		3C589E9820CBBCDC00171BD5 /* lllladjflajfljfjTests.m */ = {isa = PBXFileReference; lastKnownFileType = sourcecode.c.objc; path = lllladjflajfljfjTests.m; sourceTree = "<group>"; };
		3C589E9A20CBBCDC00171BD5 /* Info.plist */ = {isa = PBXFileReference; lastKnownFileType = text.plist.xml; path = Info.plist; sourceTree = "<group>"; };
		3C589E9F20CBBCDC00171BD5 /* lllladjflajfljfjUITests.xctest */ = {isa = PBXFileReference; explicitFileType = wrapper.cfbundle; includeInIndex = 0; path = lllladjflajfljfjUITests.xctest; sourceTree = BUILT_PRODUCTS_DIR; };
		3C589EA320CBBCDC00171BD5 /* lllladjflajfljfjUITests.m */ = {isa = PBXFileReference; lastKnownFileType = sourcecode.c.objc; path = lllladjflajfljfjUITests.m; sourceTree = "<group>"; };
		3C589EA520CBBCDC00171BD5 /* Info.plist */ = {isa = PBXFileReference; lastKnownFileType = text.plist.xml; path = Info.plist; sourceTree = "<group>"; };
/* End PBXFileReference section */

/* Begin PBXFrameworksBuildPhase section */
		3C589E7920CBBCD900171BD5 /* Frameworks */ = {
			isa = PBXFrameworksBuildPhase;
			buildActionMask = 2147483647;
			files = (
			);
			runOnlyForDeploymentPostprocessing = 0;
		};
		3C589E9120CBBCDC00171BD5 /* Frameworks */ = {
			isa = PBXFrameworksBuildPhase;
			buildActionMask = 2147483647;
			files = (
			);
			runOnlyForDeploymentPostprocessing = 0;
		};
		3C589E9C20CBBCDC00171BD5 /* Frameworks */ = {
			isa = PBXFrameworksBuildPhase;
			buildActionMask = 2147483647;
			files = (
			);
			runOnlyForDeploymentPostprocessing = 0;
		};
/* End PBXFrameworksBuildPhase section */

/* Begin PBXGroup section */
		3C589E7320CBBCD900171BD5 = {
			isa = PBXGroup;
			children = (
				3C589E7E20CBBCD900171BD5 /* lllladjflajfljfj */,
				3C589E9720CBBCDC00171BD5 /* lllladjflajfljfjTests */,
				3C589EA220CBBCDC00171BD5 /* lllladjflajfljfjUITests */,
				3C589E7D20CBBCD900171BD5 /* Products */,
			);
			sourceTree = "<group>";
		};
		3C589E7D20CBBCD900171BD5 /* Products */ = {
			isa = PBXGroup;
			children = (
				3C589E7C20CBBCD900171BD5 /* lllladjflajfljfj.app */,
				3C589E9420CBBCDC00171BD5 /* lllladjflajfljfjTests.xctest */,
				3C589E9F20CBBCDC00171BD5 /* lllladjflajfljfjUITests.xctest */,
			);
			name = Products;
			sourceTree = "<group>";
		};
		3C589E7E20CBBCD900171BD5 /* lllladjflajfljfj */ = {
			isa = PBXGroup;
			children = (
				3C589E7F20CBBCD900171BD5 /* AppDelegate.h */,
				3C589E8020CBBCDA00171BD5 /* AppDelegate.m */,
				3C589E8220CBBCDA00171BD5 /* ViewController.h */,
				3C589E8320CBBCDA00171BD5 /* ViewController.m */,
				3C589E8520CBBCDA00171BD5 /* Main.storyboard */,
				3C589E8820CBBCDB00171BD5 /* Assets.xcassets */,
				3C589E8A20CBBCDB00171BD5 /* LaunchScreen.storyboard */,
				3C589E8D20CBBCDB00171BD5 /* Info.plist */,
				3C589E8E20CBBCDB00171BD5 /* main.m */,
			);
			path = lllladjflajfljfj;
			sourceTree = "<group>";
		};
		3C589E9720CBBCDC00171BD5 /* lllladjflajfljfjTests */ = {
			isa = PBXGroup;
			children = (
				3C589E9820CBBCDC00171BD5 /* lllladjflajfljfjTests.m */,
				3C589E9A20CBBCDC00171BD5 /* Info.plist */,
			);
			path = lllladjflajfljfjTests;
			sourceTree = "<group>";
		};
		3C589EA220CBBCDC00171BD5 /* lllladjflajfljfjUITests */ = {
			isa = PBXGroup;
			children = (
				3C589EA320CBBCDC00171BD5 /* lllladjflajfljfjUITests.m */,
				3C589EA520CBBCDC00171BD5 /* Info.plist */,
			);
			path = lllladjflajfljfjUITests;
			sourceTree = "<group>";
		};
/* End PBXGroup section */

/* Begin PBXNativeTarget section */
		3C589E7B20CBBCD900171BD5 /* lllladjflajfljfj */ = {
			isa = PBXNativeTarget;
			buildConfigurationList = 3C589EA820CBBCDC00171BD5 /* Build configuration list for PBXNativeTarget "lllladjflajfljfj" */;
			buildPhases = (
				3C589E7820CBBCD900171BD5 /* Sources */,
				3C589E7920CBBCD900171BD5 /* Frameworks */,
				3C589E7A20CBBCD900171BD5 /* Resources */,
			);
			buildRules = (
			);
			dependencies = (
			);
			name = lllladjflajfljfj;
			productName = lllladjflajfljfj;
			productReference = 3C589E7C20CBBCD900171BD5 /* lllladjflajfljfj.app */;
			productType = "com.apple.product-type.application";
		};
		3C589E9320CBBCDC00171BD5 /* lllladjflajfljfjTests */ = {
			isa = PBXNativeTarget;
			buildConfigurationList = 3C589EAB20CBBCDC00171BD5 /* Build configuration list for PBXNativeTarget "lllladjflajfljfjTests" */;
			buildPhases = (
				3C589E9020CBBCDC00171BD5 /* Sources */,
				3C589E9120CBBCDC00171BD5 /* Frameworks */,
				3C589E9220CBBCDC00171BD5 /* Resources */,
			);
			buildRules = (
			);
			dependencies = (
				3C589E9620CBBCDC00171BD5 /* PBXTargetDependency */,
			);
			name = lllladjflajfljfjTests;
			productName = lllladjflajfljfjTests;
			productReference = 3C589E9420CBBCDC00171BD5 /* lllladjflajfljfjTests.xctest */;
			productType = "com.apple.product-type.bundle.unit-test";
		};
		3C589E9E20CBBCDC00171BD5 /* lllladjflajfljfjUITests */ = {
			isa = PBXNativeTarget;
			buildConfigurationList = 3C589EAE20CBBCDC00171BD5 /* Build configuration list for PBXNativeTarget "lllladjflajfljfjUITests" */;
			buildPhases = (
				3C589E9B20CBBCDC00171BD5 /* Sources */,
				3C589E9C20CBBCDC00171BD5 /* Frameworks */,
				3C589E9D20CBBCDC00171BD5 /* Resources */,
			);
			buildRules = (
			);
			dependencies = (
				3C589EA120CBBCDC00171BD5 /* PBXTargetDependency */,
			);
			name = lllladjflajfljfjUITests;
			productName = lllladjflajfljfjUITests;
			productReference = 3C589E9F20CBBCDC00171BD5 /* lllladjflajfljfjUITests.xctest */;
			productType = "com.apple.product-type.bundle.ui-testing";
		};
/* End PBXNativeTarget section */

/* Begin PBXProject section */
		3C589E7420CBBCD900171BD5 /* Project object */ = {
			isa = PBXProject;
			attributes = {
				LastUpgradeCheck = 0930;
				ORGANIZATIONNAME = tunjin;
				TargetAttributes = {
					3C589E7B20CBBCD900171BD5 = {
						CreatedOnToolsVersion = 9.3.1;
					};
					3C589E9320CBBCDC00171BD5 = {
						CreatedOnToolsVersion = 9.3.1;
						TestTargetID = 3C589E7B20CBBCD900171BD5;
					};
					3C589E9E20CBBCDC00171BD5 = {
						CreatedOnToolsVersion = 9.3.1;
						TestTargetID = 3C589E7B20CBBCD900171BD5;
					};
				};
			};
			buildConfigurationList = 3C589E7720CBBCD900171BD5 /* Build configuration list for PBXProject "lllladjflajfljfj" */;
			compatibilityVersion = "Xcode 9.3";
			developmentRegion = en;
			hasScannedForEncodings = 0;
			knownRegions = (
				en,
				Base,
			);
			mainGroup = 3C589E7320CBBCD900171BD5;
			productRefGroup = 3C589E7D20CBBCD900171BD5 /* Products */;
			projectDirPath = "";
			projectRoot = "";
			targets = (
				3C589E7B20CBBCD900171BD5 /* lllladjflajfljfj */,
				3C589E9320CBBCDC00171BD5 /* lllladjflajfljfjTests */,
				3C589E9E20CBBCDC00171BD5 /* lllladjflajfljfjUITests */,
			);
		};
/* End PBXProject section */

/* Begin PBXResourcesBuildPhase section */
		3C589E7A20CBBCD900171BD5 /* Resources */ = {
			isa = PBXResourcesBuildPhase;
			buildActionMask = 2147483647;
			files = (
				3C589E8C20CBBCDB00171BD5 /* LaunchScreen.storyboard in Resources */,
				3C589E8920CBBCDB00171BD5 /* Assets.xcassets in Resources */,
				3C589E8720CBBCDA00171BD5 /* Main.storyboard in Resources */,
			);
			runOnlyForDeploymentPostprocessing = 0;
		};
		3C589E9220CBBCDC00171BD5 /* Resources */ = {
			isa = PBXResourcesBuildPhase;
			buildActionMask = 2147483647;
			files = (
			);
			runOnlyForDeploymentPostprocessing = 0;
		};
		3C589E9D20CBBCDC00171BD5 /* Resources */ = {
			isa = PBXResourcesBuildPhase;
			buildActionMask = 2147483647;
			files = (
			);
			runOnlyForDeploymentPostprocessing = 0;
		};
/* End PBXResourcesBuildPhase section */

/* Begin PBXSourcesBuildPhase section */
		3C589E7820CBBCD900171BD5 /* Sources */ = {
			isa = PBXSourcesBuildPhase;
			buildActionMask = 2147483647;
			files = (
				3C589E8420CBBCDA00171BD5 /* ViewController.m in Sources */,
				3C589E8F20CBBCDB00171BD5 /* main.m in Sources */,
				3C589E8120CBBCDA00171BD5 /* AppDelegate.m in Sources */,
			);
			runOnlyForDeploymentPostprocessing = 0;
		};
		3C589E9020CBBCDC00171BD5 /* Sources */ = {
			isa = PBXSourcesBuildPhase;
			buildActionMask = 2147483647;
			files = (
				3C589E9920CBBCDC00171BD5 /* lllladjflajfljfjTests.m in Sources */,
			);
			runOnlyForDeploymentPostprocessing = 0;
		};
		3C589E9B20CBBCDC00171BD5 /* Sources */ = {
			isa = PBXSourcesBuildPhase;
			buildActionMask = 2147483647;
			files = (
				3C589EA420CBBCDC00171BD5 /* lllladjflajfljfjUITests.m in Sources */,
			);
			runOnlyForDeploymentPostprocessing = 0;
		};
/* End PBXSourcesBuildPhase section */

/* Begin PBXTargetDependency section */
		3C589E9620CBBCDC00171BD5 /* PBXTargetDependency */ = {
			isa = PBXTargetDependency;
			target = 3C589E7B20CBBCD900171BD5 /* lllladjflajfljfj */;
			targetProxy = 3C589E9520CBBCDC00171BD5 /* PBXContainerItemProxy */;
		};
		3C589EA120CBBCDC00171BD5 /* PBXTargetDependency */ = {
			isa = PBXTargetDependency;
			target = 3C589E7B20CBBCD900171BD5 /* lllladjflajfljfj */;
			targetProxy = 3C589EA020CBBCDC00171BD5 /* PBXContainerItemProxy */;
		};
/* End PBXTargetDependency section */

/* Begin PBXVariantGroup section */
		3C589E8520CBBCDA00171BD5 /* Main.storyboard */ = {
			isa = PBXVariantGroup;
			children = (
				3C589E8620CBBCDA00171BD5 /* Base */,
			);
			name = Main.storyboard;
			sourceTree = "<group>";
		};
		3C589E8A20CBBCDB00171BD5 /* LaunchScreen.storyboard */ = {
			isa = PBXVariantGroup;
			children = (
				3C589E8B20CBBCDB00171BD5 /* Base */,
			);
			name = LaunchScreen.storyboard;
			sourceTree = "<group>";
		};
/* End PBXVariantGroup section */

/* Begin XCBuildConfiguration section */
		3C589EA620CBBCDC00171BD5 /* Debug */ = {
			isa = XCBuildConfiguration;
			buildSettings = {
				ALWAYS_SEARCH_USER_PATHS = NO;
				CLANG_ANALYZER_NONNULL = YES;
				CLANG_ANALYZER_NUMBER_OBJECT_CONVERSION = YES_AGGRESSIVE;
				CLANG_CXX_LANGUAGE_STANDARD = "gnu++14";
				CLANG_CXX_LIBRARY = "libc++";
				CLANG_ENABLE_MODULES = YES;
				CLANG_ENABLE_OBJC_ARC = YES;
				CLANG_ENABLE_OBJC_WEAK = YES;
				CLANG_WARN_BLOCK_CAPTURE_AUTORELEASING = YES;
				CLANG_WARN_BOOL_CONVERSION = YES;
				CLANG_WARN_COMMA = YES;
				CLANG_WARN_CONSTANT_CONVERSION = YES;
				CLANG_WARN_DEPRECATED_OBJC_IMPLEMENTATIONS = YES;
				CLANG_WARN_DIRECT_OBJC_ISA_USAGE = YES_ERROR;
				CLANG_WARN_DOCUMENTATION_COMMENTS = YES;
				CLANG_WARN_EMPTY_BODY = YES;
				CLANG_WARN_ENUM_CONVERSION = YES;
				CLANG_WARN_INFINITE_RECURSION = YES;
				CLANG_WARN_INT_CONVERSION = YES;
				CLANG_WARN_NON_LITERAL_NULL_CONVERSION = YES;
				CLANG_WARN_OBJC_IMPLICIT_RETAIN_SELF = YES;
				CLANG_WARN_OBJC_LITERAL_CONVERSION = YES;
				CLANG_WARN_OBJC_ROOT_CLASS = YES_ERROR;
				CLANG_WARN_RANGE_LOOP_ANALYSIS = YES;
				CLANG_WARN_STRICT_PROTOTYPES = YES;
				CLANG_WARN_SUSPICIOUS_MOVE = YES;
				CLANG_WARN_UNGUARDED_AVAILABILITY = YES_AGGRESSIVE;
				CLANG_WARN_UNREACHABLE_CODE = YES;
				CLANG_WARN__DUPLICATE_METHOD_MATCH = YES;
				CODE_SIGN_IDENTITY = "iPhone Developer";
				COPY_PHASE_STRIP = NO;
				DEBUG_INFORMATION_FORMAT = dwarf;
				ENABLE_STRICT_OBJC_MSGSEND = YES;
				ENABLE_TESTABILITY = YES;
				GCC_C_LANGUAGE_STANDARD = gnu11;
				GCC_DYNAMIC_NO_PIC = NO;
				GCC_NO_COMMON_BLOCKS = YES;
				GCC_OPTIMIZATION_LEVEL = 0;
				GCC_PREPROCESSOR_DEFINITIONS = (
					"DEBUG=1",
					"$(inherited)",
				);
				GCC_WARN_64_TO_32_BIT_CONVERSION = YES;
				GCC_WARN_ABOUT_RETURN_TYPE = YES_ERROR;
				GCC_WARN_UNDECLARED_SELECTOR = YES;
				GCC_WARN_UNINITIALIZED_AUTOS = YES_AGGRESSIVE;
				GCC_WARN_UNUSED_FUNCTION = YES;
				GCC_WARN_UNUSED_VARIABLE = YES;
				IPHONEOS_DEPLOYMENT_TARGET = 11.3;
				MTL_ENABLE_DEBUG_INFO = YES;
				ONLY_ACTIVE_ARCH = YES;
				SDKROOT = iphoneos;
			};
			name = Debug;
		};
		3C589EA720CBBCDC00171BD5 /* Release */ = {
			isa = XCBuildConfiguration;
			buildSettings = {
				ALWAYS_SEARCH_USER_PATHS = NO;
				CLANG_ANALYZER_NONNULL = YES;
				CLANG_ANALYZER_NUMBER_OBJECT_CONVERSION = YES_AGGRESSIVE;
				CLANG_CXX_LANGUAGE_STANDARD = "gnu++14";
				CLANG_CXX_LIBRARY = "libc++";
				CLANG_ENABLE_MODULES = YES;
				CLANG_ENABLE_OBJC_ARC = YES;
				CLANG_ENABLE_OBJC_WEAK = YES;
				CLANG_WARN_BLOCK_CAPTURE_AUTORELEASING = YES;
				CLANG_WARN_BOOL_CONVERSION = YES;
				CLANG_WARN_COMMA = YES;
				CLANG_WARN_CONSTANT_CONVERSION = YES;
				CLANG_WARN_DEPRECATED_OBJC_IMPLEMENTATIONS = YES;
				CLANG_WARN_DIRECT_OBJC_ISA_USAGE = YES_ERROR;
				CLANG_WARN_DOCUMENTATION_COMMENTS = YES;
				CLANG_WARN_EMPTY_BODY = YES;
				CLANG_WARN_ENUM_CONVERSION = YES;
				CLANG_WARN_INFINITE_RECURSION = YES;
				CLANG_WARN_INT_CONVERSION = YES;
				CLANG_WARN_NON_LITERAL_NULL_CONVERSION = YES;
				CLANG_WARN_OBJC_IMPLICIT_RETAIN_SELF = YES;
				CLANG_WARN_OBJC_LITERAL_CONVERSION = YES;
				CLANG_WARN_OBJC_ROOT_CLASS = YES_ERROR;
				CLANG_WARN_RANGE_LOOP_ANALYSIS = YES;
				CLANG_WARN_STRICT_PROTOTYPES = YES;
				CLANG_WARN_SUSPICIOUS_MOVE = YES;
				CLANG_WARN_UNGUARDED_AVAILABILITY = YES_AGGRESSIVE;
				CLANG_WARN_UNREACHABLE_CODE = YES;
				CLANG_WARN__DUPLICATE_METHOD_MATCH = YES;
				CODE_SIGN_IDENTITY = "iPhone Developer";
				COPY_PHASE_STRIP = NO;
				DEBUG_INFORMATION_FORMAT = "dwarf-with-dsym";
				ENABLE_NS_ASSERTIONS = NO;
				ENABLE_STRICT_OBJC_MSGSEND = YES;
				GCC_C_LANGUAGE_STANDARD = gnu11;
				GCC_NO_COMMON_BLOCKS = YES;
				GCC_WARN_64_TO_32_BIT_CONVERSION = YES;
				GCC_WARN_ABOUT_RETURN_TYPE = YES_ERROR;
				GCC_WARN_UNDECLARED_SELECTOR = YES;
				GCC_WARN_UNINITIALIZED_AUTOS = YES_AGGRESSIVE;
				GCC_WARN_UNUSED_FUNCTION = YES;
				GCC_WARN_UNUSED_VARIABLE = YES;
				IPHONEOS_DEPLOYMENT_TARGET = 11.3;
				MTL_ENABLE_DEBUG_INFO = NO;
				SDKROOT = iphoneos;
				VALIDATE_PRODUCT = YES;
			};
			name = Release;
		};
		3C589EA920CBBCDC00171BD5 /* Debug */ = {
			isa = XCBuildConfiguration;
			buildSettings = {
				ASSETCATALOG_COMPILER_APPICON_NAME = AppIcon;
				CODE_SIGN_STYLE = Automatic;
				DEVELOPMENT_TEAM = 9VWZYXNCYW;
				INFOPLIST_FILE = lllladjflajfljfj/Info.plist;
				LD_RUNPATH_SEARCH_PATHS = (
					"$(inherited)",
					"@executable_path/Frameworks",
				);
				PRODUCT_BUNDLE_IDENTIFIER = com.cn.lllladjflajfljfj;
				PRODUCT_NAME = "$(TARGET_NAME)";
				TARGETED_DEVICE_FAMILY = "1,2";
			};
			name = Debug;
		};
		3C589EAA20CBBCDC00171BD5 /* Release */ = {
			isa = XCBuildConfiguration;
			buildSettings = {
				ASSETCATALOG_COMPILER_APPICON_NAME = AppIcon;
				CODE_SIGN_STYLE = Automatic;
				DEVELOPMENT_TEAM = 9VWZYXNCYW;
				INFOPLIST_FILE = lllladjflajfljfj/Info.plist;
				LD_RUNPATH_SEARCH_PATHS = (
					"$(inherited)",
					"@executable_path/Frameworks",
				);
				PRODUCT_BUNDLE_IDENTIFIER = com.cn.lllladjflajfljfj;
				PRODUCT_NAME = "$(TARGET_NAME)";
				TARGETED_DEVICE_FAMILY = "1,2";
			};
			name = Release;
		};
		3C589EAC20CBBCDC00171BD5 /* Debug */ = {
			isa = XCBuildConfiguration;
			buildSettings = {
				BUNDLE_LOADER = "$(TEST_HOST)";
				CODE_SIGN_STYLE = Automatic;
				DEVELOPMENT_TEAM = 9VWZYXNCYW;
				INFOPLIST_FILE = lllladjflajfljfjTests/Info.plist;
				LD_RUNPATH_SEARCH_PATHS = (
					"$(inherited)",
					"@executable_path/Frameworks",
					"@loader_path/Frameworks",
				);
				PRODUCT_BUNDLE_IDENTIFIER = com.cn.lllladjflajfljfjTests;
				PRODUCT_NAME = "$(TARGET_NAME)";
				TARGETED_DEVICE_FAMILY = "1,2";
				TEST_HOST = "$(BUILT_PRODUCTS_DIR)/lllladjflajfljfj.app/lllladjflajfljfj";
			};
			name = Debug;
		};
		3C589EAD20CBBCDC00171BD5 /* Release */ = {
			isa = XCBuildConfiguration;
			buildSettings = {
				BUNDLE_LOADER = "$(TEST_HOST)";
				CODE_SIGN_STYLE = Automatic;
				DEVELOPMENT_TEAM = 9VWZYXNCYW;
				INFOPLIST_FILE = lllladjflajfljfjTests/Info.plist;
				LD_RUNPATH_SEARCH_PATHS = (
					"$(inherited)",
					"@executable_path/Frameworks",
					"@loader_path/Frameworks",
				);
				PRODUCT_BUNDLE_IDENTIFIER = com.cn.lllladjflajfljfjTests;
				PRODUCT_NAME = "$(TARGET_NAME)";
				TARGETED_DEVICE_FAMILY = "1,2";
				TEST_HOST = "$(BUILT_PRODUCTS_DIR)/lllladjflajfljfj.app/lllladjflajfljfj";
			};
			name = Release;
		};
		3C589EAF20CBBCDC00171BD5 /* Debug */ = {
			isa = XCBuildConfiguration;
			buildSettings = {
				CODE_SIGN_STYLE = Automatic;
				DEVELOPMENT_TEAM = 9VWZYXNCYW;
				INFOPLIST_FILE = lllladjflajfljfjUITests/Info.plist;
				LD_RUNPATH_SEARCH_PATHS = (
					"$(inherited)",
					"@executable_path/Frameworks",
					"@loader_path/Frameworks",
				);
				PRODUCT_BUNDLE_IDENTIFIER = com.cn.lllladjflajfljfjUITests;
				PRODUCT_NAME = "$(TARGET_NAME)";
				TARGETED_DEVICE_FAMILY = "1,2";
				TEST_TARGET_NAME = lllladjflajfljfj;
			};
			name = Debug;
		};
		3C589EB020CBBCDC00171BD5 /* Release */ = {
			isa = XCBuildConfiguration;
			buildSettings = {
				CODE_SIGN_STYLE = Automatic;
				DEVELOPMENT_TEAM = 9VWZYXNCYW;
				INFOPLIST_FILE = lllladjflajfljfjUITests/Info.plist;
				LD_RUNPATH_SEARCH_PATHS = (
					"$(inherited)",
					"@executable_path/Frameworks",
					"@loader_path/Frameworks",
				);
				PRODUCT_BUNDLE_IDENTIFIER = com.cn.lllladjflajfljfjUITests;
				PRODUCT_NAME = "$(TARGET_NAME)";
				TARGETED_DEVICE_FAMILY = "1,2";
				TEST_TARGET_NAME = lllladjflajfljfj;
			};
			name = Release;
		};
/* End XCBuildConfiguration section */

/* Begin XCConfigurationList section */
		3C589E7720CBBCD900171BD5 /* Build configuration list for PBXProject "lllladjflajfljfj" */ = {
			isa = XCConfigurationList;
			buildConfigurations = (
				3C589EA620CBBCDC00171BD5 /* Debug */,
				3C589EA720CBBCDC00171BD5 /* Release */,
			);
			defaultConfigurationIsVisible = 0;
			defaultConfigurationName = Release;
		};
		3C589EA820CBBCDC00171BD5 /* Build configuration list for PBXNativeTarget "lllladjflajfljfj" */ = {
			isa = XCConfigurationList;
			buildConfigurations = (
				3C589EA920CBBCDC00171BD5 /* Debug */,
				3C589EAA20CBBCDC00171BD5 /* Release */,
			);
			defaultConfigurationIsVisible = 0;
			defaultConfigurationName = Release;
		};
		3C589EAB20CBBCDC00171BD5 /* Build configuration list for PBXNativeTarget "lllladjflajfljfjTests" */ = {
			isa = XCConfigurationList;
			buildConfigurations = (
				3C589EAC20CBBCDC00171BD5 /* Debug */,
				3C589EAD20CBBCDC00171BD5 /* Release */,
			);
			defaultConfigurationIsVisible = 0;
			defaultConfigurationName = Release;
		};
		3C589EAE20CBBCDC00171BD5 /* Build configuration list for PBXNativeTarget "lllladjflajfljfjUITests" */ = {
			isa = XCConfigurationList;
			buildConfigurations = (
				3C589EAF20CBBCDC00171BD5 /* Debug */,
				3C589EB020CBBCDC00171BD5 /* Release */,
			);
			defaultConfigurationIsVisible = 0;
			defaultConfigurationName = Release;
		};
/* End XCConfigurationList section */
	};
	rootObject = 3C589E7420CBBCD900171BD5 /* Project object */;
}
